// !$*UTF8*$!
{
	archiveVersion = 1;
	classes = {
	};
	objectVersion = 46;
	objects = {

/* Begin PBXBuildFile section */
		2887FF321D5A8B730066C24F /* AppDelegate.swift in Sources */ = {isa = PBXBuildFile; fileRef = 2887FF311D5A8B730066C24F /* AppDelegate.swift */; };
		2887FF341D5A8B730066C24F /* ViewController.swift in Sources */ = {isa = PBXBuildFile; fileRef = 2887FF331D5A8B730066C24F /* ViewController.swift */; };
		2887FF371D5A8B730066C24F /* Main.storyboard in Resources */ = {isa = PBXBuildFile; fileRef = 2887FF351D5A8B730066C24F /* Main.storyboard */; };
		2887FF391D5A8B730066C24F /* Assets.xcassets in Resources */ = {isa = PBXBuildFile; fileRef = 2887FF381D5A8B730066C24F /* Assets.xcassets */; };
		2887FF3C1D5A8B730066C24F /* LaunchScreen.storyboard in Resources */ = {isa = PBXBuildFile; fileRef = 2887FF3A1D5A8B730066C24F /* LaunchScreen.storyboard */; };
/* End PBXBuildFile section */

/* Begin PBXFileReference section */
		2887FF2E1D5A8B730066C24F /* Salon Invoice Application.app */ = {isa = PBXFileReference; explicitFileType = wrapper.application; includeInIndex = 0; path = "Salon Invoice Application.app"; sourceTree = BUILT_PRODUCTS_DIR; };
		2887FF311D5A8B730066C24F /* AppDelegate.swift */ = {isa = PBXFileReference; lastKnownFileType = sourcecode.swift; path = AppDelegate.swift; sourceTree = "<group>"; };
		2887FF331D5A8B730066C24F /* ViewController.swift */ = {isa = PBXFileReference; lastKnownFileType = sourcecode.swift; path = ViewController.swift; sourceTree = "<group>"; };
		2887FF361D5A8B730066C24F /* Base */ = {isa = PBXFileReference; lastKnownFileType = file.storyboard; name = Base; path = Base.lproj/Main.storyboard; sourceTree = "<group>"; };
		2887FF381D5A8B730066C24F /* Assets.xcassets */ = {isa = PBXFileReference; lastKnownFileType = folder.assetcatalog; path = Assets.xcassets; sourceTree = "<group>"; };
		2887FF3B1D5A8B730066C24F /* Base */ = {isa = PBXFileReference; lastKnownFileType = file.storyboard; name = Base; path = Base.lproj/LaunchScreen.storyboard; sourceTree = "<group>"; };
		2887FF3D1D5A8B730066C24F /* Info.plist */ = {isa = PBXFileReference; lastKnownFileType = text.plist.xml; path = Info.plist; sourceTree = "<group>"; };
/* End PBXFileReference section */

/* Begin PBXFrameworksBuildPhase section */
		2887FF2B1D5A8B730066C24F /* Frameworks */ = {
			isa = PBXFrameworksBuildPhase;
			buildActionMask = 2147483647;
			files = (
			);
			runOnlyForDeploymentPostprocessing = 0;
		};
/* End PBXFrameworksBuildPhase section */

/* Begin PBXGroup section */
		2887FF251D5A8B730066C24F = {
			isa = PBXGroup;
			children = (
				2887FF301D5A8B730066C24F /* Salon Invoice Application */,
				2887FF2F1D5A8B730066C24F /* Products */,
			);
			sourceTree = "<group>";
		};
		2887FF2F1D5A8B730066C24F /* Products */ = {
			isa = PBXGroup;
			children = (
				2887FF2E1D5A8B730066C24F /* Salon Invoice Application.app */,
			);
			name = Products;
			sourceTree = "<group>";
		};
		2887FF301D5A8B730066C24F /* Salon Invoice Application */ = {
			isa = PBXGroup;
			children = (
				2887FF311D5A8B730066C24F /* AppDelegate.swift */,
				2887FF331D5A8B730066C24F /* ViewController.swift */,
				2887FF351D5A8B730066C24F /* Main.storyboard */,
				2887FF381D5A8B730066C24F /* Assets.xcassets */,
				2887FF3A1D5A8B730066C24F /* LaunchScreen.storyboard */,
				2887FF3D1D5A8B730066C24F /* Info.plist */,
			);
			path = "Salon Invoice Application";
			sourceTree = "<group>";
		};
/* End PBXGroup section */

/* Begin PBXNativeTarget section */
		2887FF2D1D5A8B730066C24F /* Salon Invoice Application */ = {
			isa = PBXNativeTarget;
			buildConfigurationList = 2887FF401D5A8B730066C24F /* Build configuration list for PBXNativeTarget "Salon Invoice Application" */;
			buildPhases = (
				2887FF2A1D5A8B730066C24F /* Sources */,
				2887FF2B1D5A8B730066C24F /* Frameworks */,
				2887FF2C1D5A8B730066C24F /* Resources */,
			);
			buildRules = (
			);
			dependencies = (
			);
			name = "Salon Invoice Application";
			productName = "Salon Invoice Application";
			productReference = 2887FF2E1D5A8B730066C24F /* Salon Invoice Application.app */;
			productType = "com.apple.product-type.application";
		};
/* End PBXNativeTarget section */

/* Begin PBXProject section */
		2887FF261D5A8B730066C24F /* Project object */ = {
			isa = PBXProject;
			attributes = {
				LastSwiftUpdateCheck = 0730;
				LastUpgradeCheck = 0730;
				ORGANIZATIONNAME = "Steven Hurtado";
				TargetAttributes = {
					2887FF2D1D5A8B730066C24F = {
						CreatedOnToolsVersion = 7.3.1;
					};
				};
			};
			buildConfigurationList = 2887FF291D5A8B730066C24F /* Build configuration list for PBXProject "Salon Invoice Application" */;
			compatibilityVersion = "Xcode 3.2";
			developmentRegion = English;
			hasScannedForEncodings = 0;
			knownRegions = (
				en,
				Base,
			);
			mainGroup = 2887FF251D5A8B730066C24F;
			productRefGroup = 2887FF2F1D5A8B730066C24F /* Products */;
			projectDirPath = "";
			projectRoot = "";
			targets = (
				2887FF2D1D5A8B730066C24F /* Salon Invoice Application */,
			);
		};
/* End PBXProject section */

/* Begin PBXResourcesBuildPhase section */
		2887FF2C1D5A8B730066C24F /* Resources */ = {
			isa = PBXResourcesBuildPhase;
			buildActionMask = 2147483647;
			files = (
				2887FF3C1D5A8B730066C24F /* LaunchScreen.storyboard in Resources */,
				2887FF391D5A8B730066C24F /* Assets.xcassets in Resources */,
				2887FF371D5A8B730066C24F /* Main.storyboard in Resources */,
			);
			runOnlyForDeploymentPostprocessing = 0;
		};
/* End PBXResourcesBuildPhase section */

/* Begin PBXSourcesBuildPhase section */
		2887FF2A1D5A8B730066C24F /* Sources */ = {
			isa = PBXSourcesBuildPhase;
			buildActionMask = 2147483647;
			files = (
				2887FF341D5A8B730066C24F /* ViewController.swift in Sources */,
				2887FF321D5A8B730066C24F /* AppDelegate.swift in Sources */,
			);
			runOnlyForDeploymentPostprocessing = 0;
		};
/* End PBXSourcesBuildPhase section */

/* Begin PBXVariantGroup section */
		2887FF351D5A8B730066C24F /* Main.storyboard */ = {
			isa = PBXVariantGroup;
			children = (
				2887FF361D5A8B730066C24F /* Base */,
			);
			name = Main.storyboard;
			sourceTree = "<group>";
		};
		2887FF3A1D5A8B730066C24F /* LaunchScreen.storyboard */ = {
			isa = PBXVariantGroup;
			children = (
				2887FF3B1D5A8B730066C24F /* Base */,
			);
			name = LaunchScreen.storyboard;
			sourceTree = "<group>";
		};
/* End PBXVariantGroup section */

/* Begin XCBuildConfiguration section */
		2887FF3E1D5A8B730066C24F /* Debug */ = {
			isa = XCBuildConfiguration;
			buildSettings = {
				ALWAYS_SEARCH_USER_PATHS = NO;
				CLANG_ANALYZER_NONNULL = YES;
				CLANG_CXX_LANGUAGE_STANDARD = "gnu++0x";
				CLANG_CXX_LIBRARY = "libc++";
				CLANG_ENABLE_MODULES = YES;
				CLANG_ENABLE_OBJC_ARC = YES;
				CLANG_WARN_BOOL_CONVERSION = YES;
				CLANG_WARN_CONSTANT_CONVERSION = YES;
				CLANG_WARN_DIRECT_OBJC_ISA_USAGE = YES_ERROR;
				CLANG_WARN_EMPTY_BODY = YES;
				CLANG_WARN_ENUM_CONVERSION = YES;
				CLANG_WARN_INT_CONVERSION = YES;
				CLANG_WARN_OBJC_ROOT_CLASS = YES_ERROR;
				CLANG_WARN_UNREACHABLE_CODE = YES;
				CLANG_WARN__DUPLICATE_METHOD_MATCH = YES;
				"CODE_SIGN_IDENTITY[sdk=iphoneos*]" = "iPhone Developer";
				COPY_PHASE_STRIP = NO;
				DEBUG_INFORMATION_FORMAT = dwarf;
				ENABLE_STRICT_OBJC_MSGSEND = YES;
				ENABLE_TESTABILITY = YES;
				GCC_C_LANGUAGE_STANDARD = gnu99;
				GCC_DYNAMIC_NO_PIC = NO;
				GCC_NO_COMMON_BLOCKS = YES;
				GCC_OPTIMIZATION_LEVEL = 0;
				GCC_PREPROCESSOR_DEFINITIONS = (
					"DEBUG=1",
					"$(inherited)",
				);
				GCC_WARN_64_TO_32_BIT_CONVERSION = YES;
				GCC_WARN_ABOUT_RETURN_TYPE = YES_ERROR;
				GCC_WARN_UNDECLARED_SELECTOR = YES;
				GCC_WARN_UNINITIALIZED_AUTOS = YES_AGGRESSIVE;
				GCC_WARN_UNUSED_FUNCTION = YES;
				GCC_WARN_UNUSED_VARIABLE = YES;
				IPHONEOS_DEPLOYMENT_TARGET = 9.3;
				MTL_ENABLE_DEBUG_INFO = YES;
				ONLY_ACTIVE_ARCH = YES;
				SDKROOT = iphoneos;
				SWIFT_OPTIMIZATION_LEVEL = "-Onone";
				TARGETED_DEVICE_FAMILY = "1,2";
			};
			name = Debug;
		};
		2887FF3F1D5A8B730066C24F /* Release */ = {
			isa = XCBuildConfiguration;
			buildSettings = {
				ALWAYS_SEARCH_USER_PATHS = NO;
				CLANG_ANALYZER_NONNULL = YES;
				CLANG_CXX_LANGUAGE_STANDARD = "gnu++0x";
				CLANG_CXX_LIBRARY = "libc++";
				CLANG_ENABLE_MODULES = YES;
				CLANG_ENABLE_OBJC_ARC = YES;
				CLANG_WARN_BOOL_CONVERSION = YES;
				CLANG_WARN_CONSTANT_CONVERSION = YES;
				CLANG_WARN_DIRECT_OBJC_ISA_USAGE = YES_ERROR;
				CLANG_WARN_EMPTY_BODY = YES;
				CLANG_WARN_ENUM_CONVERSION = YES;
				CLANG_WARN_INT_CONVERSION = YES;
				CLANG_WARN_OBJC_ROOT_CLASS = YES_ERROR;
				CLANG_WARN_UNREACHABLE_CODE = YES;
				CLANG_WARN__DUPLICATE_METHOD_MATCH = YES;
				"CODE_SIGN_IDENTITY[sdk=iphoneos*]" = "iPhone Developer";
				COPY_PHASE_STRIP = NO;
				DEBUG_INFORMATION_FORMAT = "dwarf-with-dsym";
				ENABLE_NS_ASSERTIONS = NO;
				ENABLE_STRICT_OBJC_MSGSEND = YES;
				GCC_C_LANGUAGE_STANDARD = gnu99;
				GCC_NO_COMMON_BLOCKS = YES;
				GCC_WARN_64_TO_32_BIT_CONVERSION = YES;
				GCC_WARN_ABOUT_RETURN_TYPE = YES_ERROR;
				GCC_WARN_UNDECLARED_SELECTOR = YES;
				GCC_WARN_UNINITIALIZED_AUTOS = YES_AGGRESSIVE;
				GCC_WARN_UNUSED_FUNCTION = YES;
				GCC_WARN_UNUSED_VARIABLE = YES;
				IPHONEOS_DEPLOYMENT_TARGET = 9.3;
				MTL_ENABLE_DEBUG_INFO = NO;
				SDKROOT = iphoneos;
				TARGETED_DEVICE_FAMILY = "1,2";
				VALIDATE_PRODUCT = YES;
			};
			name = Release;
		};
		2887FF411D5A8B730066C24F /* Debug */ = {
			isa = XCBuildConfiguration;
			buildSettings = {
				ASSETCATALOG_COMPILER_APPICON_NAME = AppIcon;
				INFOPLIST_FILE = "Salon Invoice Application/Info.plist";
				LD_RUNPATH_SEARCH_PATHS = "$(inherited) @executable_path/Frameworks";
				PRODUCT_BUNDLE_IDENTIFIER = "com.stevshidae.Salon-Invoice-Application";
				PRODUCT_NAME = "$(TARGET_NAME)";
			};
			name = Debug;
		};
		2887FF421D5A8B730066C24F /* Release */ = {
			isa = XCBuildConfiguration;
			buildSettings = {
				ASSETCATALOG_COMPILER_APPICON_NAME = AppIcon;
				INFOPLIST_FILE = "Salon Invoice Application/Info.plist";
				LD_RUNPATH_SEARCH_PATHS = "$(inherited) @executable_path/Frameworks";
				PRODUCT_BUNDLE_IDENTIFIER = "com.stevshidae.Salon-Invoice-Application";
				PRODUCT_NAME = "$(TARGET_NAME)";
			};
			name = Release;
		};
/* End XCBuildConfiguration section */

/* Begin XCConfigurationList section */
		2887FF291D5A8B730066C24F /* Build configuration list for PBXProject "Salon Invoice Application" */ = {
			isa = XCConfigurationList;
			buildConfigurations = (
				2887FF3E1D5A8B730066C24F /* Debug */,
				2887FF3F1D5A8B730066C24F /* Release */,
			);
			defaultConfigurationIsVisible = 0;
			defaultConfigurationName = Release;
		};
		2887FF401D5A8B730066C24F /* Build configuration list for PBXNativeTarget "Salon Invoice Application" */ = {
			isa = XCConfigurationList;
			buildConfigurations = (
				2887FF411D5A8B730066C24F /* Debug */,
				2887FF421D5A8B730066C24F /* Release */,
			);
			defaultConfigurationIsVisible = 0;
		};
/* End XCConfigurationList section */
	};
	rootObject = 2887FF261D5A8B730066C24F /* Project object */;
}
